{
  "nodes": {
    "darwin": {
      "inputs": {
        "nixpkgs": [
          "nixpkgs"
        ]
      },
      "locked": {
        "lastModified": 1733105089,
        "narHash": "sha256-Qs3YmoLYUJ8g4RkFj2rMrzrP91e4ShAioC9s+vG6ENM=",
        "owner": "lnl7",
        "repo": "nix-darwin",
        "rev": "c6b65d946097baf3915dd51373251de98199280d",
        "type": "github"
      },
      "original": {
        "owner": "lnl7",
        "ref": "master",
        "repo": "nix-darwin",
        "type": "github"
      }
    },
    "home-manager": {
      "inputs": {
        "nixpkgs": [
          "nixpkgs"
        ]
      },
      "locked": {
        "lastModified": 1733050161,
        "narHash": "sha256-lYnT+EYE47f5yY3KS/Kd4pJ6CO9fhCqumkYYkQ3TK20=",
        "owner": "nix-community",
        "repo": "home-manager",
        "rev": "62d536255879be574ebfe9b87c4ac194febf47c5",
        "type": "github"
      },
      "original": {
        "owner": "nix-community",
        "ref": "release-24.11",
        "repo": "home-manager",
        "type": "github"
      }
    },
    "nix-index-database": {
      "inputs": {
        "nixpkgs": [
          "nixpkgs"
        ]
      },
      "locked": {
        "lastModified": 1733024876,
        "narHash": "sha256-vy9Q41hBE7Zg0yakF79neVgb3i3PQMSMR7uHPpPywFE=",
        "owner": "nix-community",
        "repo": "nix-index-database",
        "rev": "6e0b7f81367069589a480b91603a10bcf71f3103",
        "type": "github"
      },
      "original": {
        "owner": "nix-community",
        "repo": "nix-index-database",
        "type": "github"
      }
    },
    "nixpkgs": {
      "locked": {
        "lastModified": 1733157473,
        "narHash": "sha256-rfg19HAHOMW4zwkqWkPdTjdHyVwo/zaJXmvRqtqis9M=",
        "owner": "nixos",
        "repo": "nixpkgs",
        "rev": "88b018ad401e040c0a33420077d86b20aea177c7",
        "type": "github"
      },
      "original": {
        "owner": "nixos",
        "ref": "release-24.11",
        "repo": "nixpkgs",
        "type": "github"
      }
    },
    "nixpkgs-aldente": {
      "locked": {
        "lastModified": 1728751190,
        "narHash": "sha256-mcCxBQ2RA4R2fxL8OhGMlkTCApAH7okV3ZIJaYou+6A=",
        "owner": "nixos",
        "repo": "nixpkgs",
        "rev": "db7dd707e17ac5d317ef4fd7924ce8820532952c",
        "type": "github"
      },
      "original": {
        "owner": "nixos",
        "repo": "nixpkgs",
        "rev": "db7dd707e17ac5d317ef4fd7924ce8820532952c",
        "type": "github"
      }
    },
    "nixpkgs-bartender": {
      "locked": {
        "lastModified": 1727371484,
        "narHash": "sha256-HTiCXIBg4p8P9Cr/0NKYlEFBRKF1imRbccT1GIQISjM=",
        "owner": "DimitarNestorov",
        "repo": "nixpkgs",
        "rev": "a548595bb3a3822fd27f73aa7c8be79ea762303b",
        "type": "github"
      },
      "original": {
        "owner": "DimitarNestorov",
        "repo": "nixpkgs",
        "rev": "a548595bb3a3822fd27f73aa7c8be79ea762303b",
        "type": "github"
      }
    },
    "nixpkgs-dbeaver": {
      "locked": {
        "lastModified": 1727071352,
        "narHash": "sha256-fGotCanR4Zoiezm3dBiKJ1XpLPSBgI4Q2zT0Znxg89A=",
        "owner": "nixos",
        "repo": "nixpkgs",
        "rev": "3c5a0228d9b4e6e233c22047d61ac6bd55e81661",
        "type": "github"
      },
      "original": {
        "owner": "nixos",
        "repo": "nixpkgs",
        "rev": "3c5a0228d9b4e6e233c22047d61ac6bd55e81661",
        "type": "github"
      }
    },
    "nixpkgs-iterm2": {
      "locked": {
        "lastModified": 1725111560,
        "narHash": "sha256-+wyzGtWE0x+WKLUWgMzSG3c1S0X2PmfK2WZeBNI7PlM=",
        "owner": "nixos",
        "repo": "nixpkgs",
        "rev": "4088596b40e68be2d75fb9a4a9f55d4a20034637",
        "type": "github"
      },
      "original": {
        "owner": "nixos",
        "repo": "nixpkgs",
        "rev": "4088596b40e68be2d75fb9a4a9f55d4a20034637",
        "type": "github"
      }
    },
    "nixpkgs-sloth": {
      "locked": {
        "lastModified": 1726927768,
        "narHash": "sha256-OuYd+v6oyZXPi+z7FcK4IjuN+LumU2vvVDSPDyqFrn8=",
        "owner": "nixos",
        "repo": "nixpkgs",
        "rev": "2aee66095ca9cd6dfa78ca18ce79a1a5599e828c",
        "type": "github"
      },
      "original": {
        "owner": "nixos",
        "repo": "nixpkgs",
        "rev": "2aee66095ca9cd6dfa78ca18ce79a1a5599e828c",
        "type": "github"
      }
    },
    "nixpkgs-tailscale": {
      "locked": {
        "lastModified": 1724353802,
        "narHash": "sha256-kLU7K6r0ImpfBMlhKNhhzIXMU9o6f+sz0iyINRzV5Fk=",
        "owner": "nixos",
        "repo": "nixpkgs",
        "rev": "eb19b36ec45caf14e9fe5026d3970d89c03ced69",
        "type": "github"
      },
      "original": {
        "owner": "nixos",
        "repo": "nixpkgs",
        "rev": "eb19b36ec45caf14e9fe5026d3970d89c03ced69",
        "type": "github"
      }
    },
    "nixpkgs-unstable": {
      "locked": {
        "lastModified": 1733064805,
        "narHash": "sha256-7NbtSLfZO0q7MXPl5hzA0sbVJt6pWxxtGWbaVUDDmjs=",
        "owner": "nixos",
        "repo": "nixpkgs",
        "rev": "31d66ae40417bb13765b0ad75dd200400e98de84",
        "type": "github"
      },
      "original": {
        "owner": "nixos",
        "ref": "nixpkgs-unstable",
        "repo": "nixpkgs",
        "type": "github"
      }
    },
    "nixpkgs-vncviewer": {
      "locked": {
        "lastModified": 1726299587,
        "narHash": "sha256-n152dQgCJAEOPs/TejudSo2JRnvr7lJKUNalZ4I5fnU=",
        "owner": "nixos",
        "repo": "nixpkgs",
        "rev": "43f616a7cc2ee6c755c2860b0e974c255c911a13",
        "type": "github"
      },
      "original": {
        "owner": "nixos",
        "repo": "nixpkgs",
        "rev": "43f616a7cc2ee6c755c2860b0e974c255c911a13",
        "type": "github"
      }
    },
    "root": {
      "inputs": {
        "darwin": "darwin",
        "home-manager": "home-manager",
        "nix-index-database": "nix-index-database",
        "nixpkgs": "nixpkgs",
        "nixpkgs-aldente": "nixpkgs-aldente",
        "nixpkgs-bartender": "nixpkgs-bartender",
        "nixpkgs-dbeaver": "nixpkgs-dbeaver",
        "nixpkgs-iterm2": "nixpkgs-iterm2",
        "nixpkgs-sloth": "nixpkgs-sloth",
        "nixpkgs-tailscale": "nixpkgs-tailscale",
        "nixpkgs-unstable": "nixpkgs-unstable",
        "nixpkgs-vncviewer": "nixpkgs-vncviewer"
      }
    }
  },
  "root": "root",
  "version": 7
}
